
Microsoft Visual Studio Solution File, Format Version 12.00
# Visual Studio 15
VisualStudioVersion = 15.0.28307.271
MinimumVisualStudioVersion = 10.0.40219.1
Project("{9A19103F-16F7-4668-BE54-9A1E7A4F7556}") = "RentCar.Entity", "RentCar.Entity\RentCar.Entity.csproj", "{782D098B-9375-4300-9370-FB08AD94C89F}"
EndProject
Project("{9A19103F-16F7-4668-BE54-9A1E7A4F7556}") = "RentCar.Data", "RentCar.Data\RentCar.Data.csproj", "{64DCEC91-BFA4-4950-8E04-8D2960D3B249}"
EndProject
Project("{FAE04EC0-301F-11D3-BF4B-00C04F79EFBC}") = "RentCar.Business", "RentCar.Business\RentCar.Business.csproj", "{1D2D95A5-5B40-4B80-8813-72B4A3405D39}"
EndProject
Global
	GlobalSection(SolutionConfigurationPlatforms) = preSolution
		Debug|Any CPU = Debug|Any CPU
		Release|Any CPU = Release|Any CPU
	EndGlobalSection
	GlobalSection(ProjectConfigurationPlatforms) = postSolution
		{782D098B-9375-4300-9370-FB08AD94C89F}.Debug|Any CPU.ActiveCfg = Debug|Any CPU
		{782D098B-9375-4300-9370-FB08AD94C89F}.Debug|Any CPU.Build.0 = Debug|Any CPU
		{782D098B-9375-4300-9370-FB08AD94C89F}.Release|Any CPU.ActiveCfg = Release|Any CPU
		{782D098B-9375-4300-9370-FB08AD94C89F}.Release|Any CPU.Build.0 = Release|Any CPU
		{64DCEC91-BFA4-4950-8E04-8D2960D3B249}.Debug|Any CPU.ActiveCfg = Debug|Any CPU
		{64DCEC91-BFA4-4950-8E04-8D2960D3B249}.Debug|Any CPU.Build.0 = Debug|Any CPU
		{64DCEC91-BFA4-4950-8E04-8D2960D3B249}.Release|Any CPU.ActiveCfg = Release|Any CPU
		{64DCEC91-BFA4-4950-8E04-8D2960D3B249}.Release|Any CPU.Build.0 = Release|Any CPU
		{1D2D95A5-5B40-4B80-8813-72B4A3405D39}.Debug|Any CPU.ActiveCfg = Debug|Any CPU
		{1D2D95A5-5B40-4B80-8813-72B4A3405D39}.Debug|Any CPU.Build.0 = Debug|Any CPU
		{1D2D95A5-5B40-4B80-8813-72B4A3405D39}.Release|Any CPU.ActiveCfg = Release|Any CPU
		{1D2D95A5-5B40-4B80-8813-72B4A3405D39}.Release|Any CPU.Build.0 = Release|Any CPU
	EndGlobalSection
	GlobalSection(SolutionProperties) = preSolution
		HideSolutionNode = FALSE
	EndGlobalSection
	GlobalSection(ExtensibilityGlobals) = postSolution
		SolutionGuid = {9482CE71-D460-488B-9427-AC329569D1AC}
	EndGlobalSection
EndGlobal
